
Microsoft Visual Studio Solution File, Format Version 12.00
# Visual Studio 15
VisualStudioVersion = 15.0.26403.7
MinimumVisualStudioVersion = 10.0.40219.1
Project("{FAE04EC0-301F-11D3-BF4B-00C04F79EFBC}") = "WebApiLincora", "WebApiLincora\WebApiLincora.csproj", "{9712D4BC-9CB6-43AE-B87E-BAA87BA582AE}"
EndProject
Project("{FAE04EC0-301F-11D3-BF4B-00C04F79EFBC}") = "WebApiTests", "WebApiTests\WebApiTests.csproj", "{82B90D9B-7CFD-4675-B75F-A619260F40CB}"
EndProject
Global
	GlobalSection(SolutionConfigurationPlatforms) = preSolution
		Debug|Any CPU = Debug|Any CPU
		Release|Any CPU = Release|Any CPU
	EndGlobalSection
	GlobalSection(ProjectConfigurationPlatforms) = postSolution
		{9712D4BC-9CB6-43AE-B87E-BAA87BA582AE}.Debug|Any CPU.ActiveCfg = Debug|Any CPU
		{9712D4BC-9CB6-43AE-B87E-BAA87BA582AE}.Debug|Any CPU.Build.0 = Debug|Any CPU
		{9712D4BC-9CB6-43AE-B87E-BAA87BA582AE}.Release|Any CPU.ActiveCfg = Release|Any CPU
		{9712D4BC-9CB6-43AE-B87E-BAA87BA582AE}.Release|Any CPU.Build.0 = Release|Any CPU
		{82B90D9B-7CFD-4675-B75F-A619260F40CB}.Debug|Any CPU.ActiveCfg = Debug|Any CPU
		{82B90D9B-7CFD-4675-B75F-A619260F40CB}.Debug|Any CPU.Build.0 = Debug|Any CPU
		{82B90D9B-7CFD-4675-B75F-A619260F40CB}.Release|Any CPU.ActiveCfg = Release|Any CPU
		{82B90D9B-7CFD-4675-B75F-A619260F40CB}.Release|Any CPU.Build.0 = Release|Any CPU
	EndGlobalSection
	GlobalSection(SolutionProperties) = preSolution
		HideSolutionNode = FALSE
	EndGlobalSection
EndGlobal
